
Microsoft Visual Studio Solution File, Format Version 12.00
# Visual Studio Version 16
VisualStudioVersion = 16.0.30611.23
MinimumVisualStudioVersion = 10.0.40219.1
Project("{9A19103F-16F7-4668-BE54-9A1E7A4F7556}") = "Mona.SaaS.Core", "Mona.SaaS.Core\Mona.SaaS.Core.csproj", "{03D0BAB8-0DD0-485E-BD03-AB822BF38895}"
EndProject
Project("{2150E333-8FDC-42A3-9474-1A3956D46DE8}") = "Solution Items", "Solution Items", "{2CC92F0B-A858-4214-BF13-8AC7B0831766}"
	ProjectSection(SolutionItems) = preProject
		.editorconfig = .editorconfig
	EndProjectSection
EndProject
Project("{9A19103F-16F7-4668-BE54-9A1E7A4F7556}") = "Mona.SaaS.Web", "Mona.SaaS.Web\Mona.SaaS.Web.csproj", "{DCFE557E-6C1C-4782-9ECA-5B29348C70FF}"
EndProject
Project("{9A19103F-16F7-4668-BE54-9A1E7A4F7556}") = "Mona.AutoIntegration", "Mona.AutoIntegration\Mona.AutoIntegration.csproj", "{34B39C0E-C5F6-497A-97F4-31CD9AA14CB0}"
EndProject
Project("{9A19103F-16F7-4668-BE54-9A1E7A4F7556}") = "Mona.SaaS.Services.Default", "Mona.SaaS.Services.Default\Mona.SaaS.Services.Default.csproj", "{BB15E201-B247-4942-9B2F-8FE6FF872DFC}"
EndProject
Project("{FAE04EC0-301F-11D3-BF4B-00C04F79EFBC}") = "Mona.SaaS.Web.Tests", "Mona.SaaS.Web.Tests\Mona.SaaS.Web.Tests.csproj", "{207DF0C6-32E4-49CF-8413-4F26D07FABF4}"
EndProject
Global
	GlobalSection(SolutionConfigurationPlatforms) = preSolution
		Debug|Any CPU = Debug|Any CPU
		Release|Any CPU = Release|Any CPU
	EndGlobalSection
	GlobalSection(ProjectConfigurationPlatforms) = postSolution
		{03D0BAB8-0DD0-485E-BD03-AB822BF38895}.Debug|Any CPU.ActiveCfg = Debug|Any CPU
		{03D0BAB8-0DD0-485E-BD03-AB822BF38895}.Debug|Any CPU.Build.0 = Debug|Any CPU
		{03D0BAB8-0DD0-485E-BD03-AB822BF38895}.Release|Any CPU.ActiveCfg = Release|Any CPU
		{03D0BAB8-0DD0-485E-BD03-AB822BF38895}.Release|Any CPU.Build.0 = Release|Any CPU
		{DCFE557E-6C1C-4782-9ECA-5B29348C70FF}.Debug|Any CPU.ActiveCfg = Debug|Any CPU
		{DCFE557E-6C1C-4782-9ECA-5B29348C70FF}.Debug|Any CPU.Build.0 = Debug|Any CPU
		{DCFE557E-6C1C-4782-9ECA-5B29348C70FF}.Release|Any CPU.ActiveCfg = Release|Any CPU
		{DCFE557E-6C1C-4782-9ECA-5B29348C70FF}.Release|Any CPU.Build.0 = Release|Any CPU
		{34B39C0E-C5F6-497A-97F4-31CD9AA14CB0}.Debug|Any CPU.ActiveCfg = Debug|Any CPU
		{34B39C0E-C5F6-497A-97F4-31CD9AA14CB0}.Debug|Any CPU.Build.0 = Debug|Any CPU
		{34B39C0E-C5F6-497A-97F4-31CD9AA14CB0}.Release|Any CPU.ActiveCfg = Release|Any CPU
		{34B39C0E-C5F6-497A-97F4-31CD9AA14CB0}.Release|Any CPU.Build.0 = Release|Any CPU
		{BB15E201-B247-4942-9B2F-8FE6FF872DFC}.Debug|Any CPU.ActiveCfg = Debug|Any CPU
		{BB15E201-B247-4942-9B2F-8FE6FF872DFC}.Debug|Any CPU.Build.0 = Debug|Any CPU
		{BB15E201-B247-4942-9B2F-8FE6FF872DFC}.Release|Any CPU.ActiveCfg = Release|Any CPU
		{BB15E201-B247-4942-9B2F-8FE6FF872DFC}.Release|Any CPU.Build.0 = Release|Any CPU
		{207DF0C6-32E4-49CF-8413-4F26D07FABF4}.Debug|Any CPU.ActiveCfg = Debug|Any CPU
		{207DF0C6-32E4-49CF-8413-4F26D07FABF4}.Debug|Any CPU.Build.0 = Debug|Any CPU
		{207DF0C6-32E4-49CF-8413-4F26D07FABF4}.Release|Any CPU.ActiveCfg = Release|Any CPU
		{207DF0C6-32E4-49CF-8413-4F26D07FABF4}.Release|Any CPU.Build.0 = Release|Any CPU
	EndGlobalSection
	GlobalSection(SolutionProperties) = preSolution
		HideSolutionNode = FALSE
	EndGlobalSection
	GlobalSection(ExtensibilityGlobals) = postSolution
		SolutionGuid = {575B7AC2-C0D7-4B99-8BC7-FBC9F8794F37}
	EndGlobalSection
EndGlobal
